
Microsoft Visual Studio Solution File, Format Version 12.00
# Visual Studio Version 17
VisualStudioVersion = 17.4.33122.133
MinimumVisualStudioVersion = 10.0.40219.1
Project("{FAE04EC0-301F-11D3-BF4B-00C04F79EFBC}") = "BookStore", "BookStore.csproj", "{E2F77269-40C9-4DF1-9102-D94C302956A4}"
EndProject
Global
	GlobalSection(SolutionConfigurationPlatforms) = preSolution
		Debug|Any CPU = Debug|Any CPU
		Release|Any CPU = Release|Any CPU
	EndGlobalSection
	GlobalSection(ProjectConfigurationPlatforms) = postSolution
		{E2F77269-40C9-4DF1-9102-D94C302956A4}.Debug|Any CPU.ActiveCfg = Debug|Any CPU
		{E2F77269-40C9-4DF1-9102-D94C302956A4}.Debug|Any CPU.Build.0 = Debug|Any CPU
		{E2F77269-40C9-4DF1-9102-D94C302956A4}.Release|Any CPU.ActiveCfg = Release|Any CPU
		{E2F77269-40C9-4DF1-9102-D94C302956A4}.Release|Any CPU.Build.0 = Release|Any CPU
	EndGlobalSection
	GlobalSection(SolutionProperties) = preSolution
		HideSolutionNode = FALSE
	EndGlobalSection
	GlobalSection(ExtensibilityGlobals) = postSolution
		SolutionGuid = {D89D3485-E2D0-4CD0-85C6-CD31D92EBE13}
	EndGlobalSection
EndGlobal
